// !$*UTF8*$!
{
	archiveVersion = 1;
	classes = {
	};
	objectVersion = 55;
	objects = {

/* Begin PBXBuildFile section */
		B79EE472275E98B900F300DE /* Tests_iOS.swift in Sources */ = {isa = PBXBuildFile; fileRef = B79EE471275E98B900F300DE /* Tests_iOS.swift */; };
		B79EE474275E98B900F300DE /* Tests_iOSLaunchTests.swift in Sources */ = {isa = PBXBuildFile; fileRef = B79EE473275E98B900F300DE /* Tests_iOSLaunchTests.swift */; };
		B79EE47E275E98B900F300DE /* Tests_macOS.swift in Sources */ = {isa = PBXBuildFile; fileRef = B79EE47D275E98B900F300DE /* Tests_macOS.swift */; };
		B79EE480275E98B900F300DE /* Tests_macOSLaunchTests.swift in Sources */ = {isa = PBXBuildFile; fileRef = B79EE47F275E98B900F300DE /* Tests_macOSLaunchTests.swift */; };
		B79EE481275E98B900F300DE /* Manpreet_s_ProjectApp.swift in Sources */ = {isa = PBXBuildFile; fileRef = B79EE459275E98B800F300DE /* Manpreet_s_ProjectApp.swift */; };
		B79EE482275E98B900F300DE /* Manpreet_s_ProjectApp.swift in Sources */ = {isa = PBXBuildFile; fileRef = B79EE459275E98B800F300DE /* Manpreet_s_ProjectApp.swift */; };
		B79EE483275E98B900F300DE /* ContentView.swift in Sources */ = {isa = PBXBuildFile; fileRef = B79EE45A275E98B800F300DE /* ContentView.swift */; };
		B79EE484275E98B900F300DE /* ContentView.swift in Sources */ = {isa = PBXBuildFile; fileRef = B79EE45A275E98B800F300DE /* ContentView.swift */; };
		B79EE485275E98B900F300DE /* Assets.xcassets in Resources */ = {isa = PBXBuildFile; fileRef = B79EE45B275E98B900F300DE /* Assets.xcassets */; };
		B79EE486275E98B900F300DE /* Assets.xcassets in Resources */ = {isa = PBXBuildFile; fileRef = B79EE45B275E98B900F300DE /* Assets.xcassets */; };
/* End PBXBuildFile section */

/* Begin PBXContainerItemProxy section */
		B79EE46E275E98B900F300DE /* PBXContainerItemProxy */ = {
			isa = PBXContainerItemProxy;
			containerPortal = B79EE454275E98B800F300DE /* Project object */;
			proxyType = 1;
			remoteGlobalIDString = B79EE45F275E98B900F300DE;
			remoteInfo = "Manpreet's Project (iOS)";
		};
		B79EE47A275E98B900F300DE /* PBXContainerItemProxy */ = {
			isa = PBXContainerItemProxy;
			containerPortal = B79EE454275E98B800F300DE /* Project object */;
			proxyType = 1;
			remoteGlobalIDString = B79EE465275E98B900F300DE;
			remoteInfo = "Manpreet's Project (macOS)";
		};
/* End PBXContainerItemProxy section */

/* Begin PBXFileReference section */
		B79EE459275E98B800F300DE /* Manpreet_s_ProjectApp.swift */ = {isa = PBXFileReference; lastKnownFileType = sourcecode.swift; path = Manpreet_s_ProjectApp.swift; sourceTree = "<group>"; };
		B79EE45A275E98B800F300DE /* ContentView.swift */ = {isa = PBXFileReference; lastKnownFileType = sourcecode.swift; path = ContentView.swift; sourceTree = "<group>"; };
		B79EE45B275E98B900F300DE /* Assets.xcassets */ = {isa = PBXFileReference; lastKnownFileType = folder.assetcatalog; path = Assets.xcassets; sourceTree = "<group>"; };
		B79EE460275E98B900F300DE /* Manpreet's Project.app */ = {isa = PBXFileReference; explicitFileType = wrapper.application; includeInIndex = 0; path = "Manpreet's Project.app"; sourceTree = BUILT_PRODUCTS_DIR; };
		B79EE466275E98B900F300DE /* Manpreet's Project.app */ = {isa = PBXFileReference; explicitFileType = wrapper.application; includeInIndex = 0; path = "Manpreet's Project.app"; sourceTree = BUILT_PRODUCTS_DIR; };
		B79EE468275E98B900F300DE /* macOS.entitlements */ = {isa = PBXFileReference; lastKnownFileType = text.plist.entitlements; path = macOS.entitlements; sourceTree = "<group>"; };
		B79EE46D275E98B900F300DE /* Tests iOS.xctest */ = {isa = PBXFileReference; explicitFileType = wrapper.cfbundle; includeInIndex = 0; path = "Tests iOS.xctest"; sourceTree = BUILT_PRODUCTS_DIR; };
		B79EE471275E98B900F300DE /* Tests_iOS.swift */ = {isa = PBXFileReference; lastKnownFileType = sourcecode.swift; path = Tests_iOS.swift; sourceTree = "<group>"; };
		B79EE473275E98B900F300DE /* Tests_iOSLaunchTests.swift */ = {isa = PBXFileReference; lastKnownFileType = sourcecode.swift; path = Tests_iOSLaunchTests.swift; sourceTree = "<group>"; };
		B79EE479275E98B900F300DE /* Tests macOS.xctest */ = {isa = PBXFileReference; explicitFileType = wrapper.cfbundle; includeInIndex = 0; path = "Tests macOS.xctest"; sourceTree = BUILT_PRODUCTS_DIR; };
		B79EE47D275E98B900F300DE /* Tests_macOS.swift */ = {isa = PBXFileReference; lastKnownFileType = sourcecode.swift; path = Tests_macOS.swift; sourceTree = "<group>"; };
		B79EE47F275E98B900F300DE /* Tests_macOSLaunchTests.swift */ = {isa = PBXFileReference; lastKnownFileType = sourcecode.swift; path = Tests_macOSLaunchTests.swift; sourceTree = "<group>"; };
/* End PBXFileReference section */

/* Begin PBXFrameworksBuildPhase section */
		B79EE45D275E98B900F300DE /* Frameworks */ = {
			isa = PBXFrameworksBuildPhase;
			buildActionMask = 2147483647;
			files = (
			);
			runOnlyForDeploymentPostprocessing = 0;
		};
		B79EE463275E98B900F300DE /* Frameworks */ = {
			isa = PBXFrameworksBuildPhase;
			buildActionMask = 2147483647;
			files = (
			);
			runOnlyForDeploymentPostprocessing = 0;
		};
		B79EE46A275E98B900F300DE /* Frameworks */ = {
			isa = PBXFrameworksBuildPhase;
			buildActionMask = 2147483647;
			files = (
			);
			runOnlyForDeploymentPostprocessing = 0;
		};
		B79EE476275E98B900F300DE /* Frameworks */ = {
			isa = PBXFrameworksBuildPhase;
			buildActionMask = 2147483647;
			files = (
			);
			runOnlyForDeploymentPostprocessing = 0;
		};
/* End PBXFrameworksBuildPhase section */

/* Begin PBXGroup section */
		B79EE453275E98B800F300DE = {
			isa = PBXGroup;
			children = (
				B79EE458275E98B800F300DE /* Shared */,
				B79EE467275E98B900F300DE /* macOS */,
				B79EE470275E98B900F300DE /* Tests iOS */,
				B79EE47C275E98B900F300DE /* Tests macOS */,
				B79EE461275E98B900F300DE /* Products */,
			);
			sourceTree = "<group>";
		};
		B79EE458275E98B800F300DE /* Shared */ = {
			isa = PBXGroup;
			children = (
				B79EE459275E98B800F300DE /* Manpreet_s_ProjectApp.swift */,
				B79EE45A275E98B800F300DE /* ContentView.swift */,
				B79EE45B275E98B900F300DE /* Assets.xcassets */,
			);
			path = Shared;
			sourceTree = "<group>";
		};
		B79EE461275E98B900F300DE /* Products */ = {
			isa = PBXGroup;
			children = (
				B79EE460275E98B900F300DE /* Manpreet's Project.app */,
				B79EE466275E98B900F300DE /* Manpreet's Project.app */,
				B79EE46D275E98B900F300DE /* Tests iOS.xctest */,
				B79EE479275E98B900F300DE /* Tests macOS.xctest */,
			);
			name = Products;
			sourceTree = "<group>";
		};
		B79EE467275E98B900F300DE /* macOS */ = {
			isa = PBXGroup;
			children = (
				B79EE468275E98B900F300DE /* macOS.entitlements */,
			);
			path = macOS;
			sourceTree = "<group>";
		};
		B79EE470275E98B900F300DE /* Tests iOS */ = {
			isa = PBXGroup;
			children = (
				B79EE471275E98B900F300DE /* Tests_iOS.swift */,
				B79EE473275E98B900F300DE /* Tests_iOSLaunchTests.swift */,
			);
			path = "Tests iOS";
			sourceTree = "<group>";
		};
		B79EE47C275E98B900F300DE /* Tests macOS */ = {
			isa = PBXGroup;
			children = (
				B79EE47D275E98B900F300DE /* Tests_macOS.swift */,
				B79EE47F275E98B900F300DE /* Tests_macOSLaunchTests.swift */,
			);
			path = "Tests macOS";
			sourceTree = "<group>";
		};
/* End PBXGroup section */

/* Begin PBXNativeTarget section */
		B79EE45F275E98B900F300DE /* Manpreet's Project (iOS) */ = {
			isa = PBXNativeTarget;
			buildConfigurationList = B79EE489275E98B900F300DE /* Build configuration list for PBXNativeTarget "Manpreet's Project (iOS)" */;
			buildPhases = (
				B79EE45C275E98B900F300DE /* Sources */,
				B79EE45D275E98B900F300DE /* Frameworks */,
				B79EE45E275E98B900F300DE /* Resources */,
			);
			buildRules = (
			);
			dependencies = (
			);
			name = "Manpreet's Project (iOS)";
			productName = "Manpreet's Project (iOS)";
			productReference = B79EE460275E98B900F300DE /* Manpreet's Project.app */;
			productType = "com.apple.product-type.application";
		};
		B79EE465275E98B900F300DE /* Manpreet's Project (macOS) */ = {
			isa = PBXNativeTarget;
			buildConfigurationList = B79EE48C275E98B900F300DE /* Build configuration list for PBXNativeTarget "Manpreet's Project (macOS)" */;
			buildPhases = (
				B79EE462275E98B900F300DE /* Sources */,
				B79EE463275E98B900F300DE /* Frameworks */,
				B79EE464275E98B900F300DE /* Resources */,
			);
			buildRules = (
			);
			dependencies = (
			);
			name = "Manpreet's Project (macOS)";
			productName = "Manpreet's Project (macOS)";
			productReference = B79EE466275E98B900F300DE /* Manpreet's Project.app */;
			productType = "com.apple.product-type.application";
		};
		B79EE46C275E98B900F300DE /* Tests iOS */ = {
			isa = PBXNativeTarget;
			buildConfigurationList = B79EE48F275E98B900F300DE /* Build configuration list for PBXNativeTarget "Tests iOS" */;
			buildPhases = (
				B79EE469275E98B900F300DE /* Sources */,
				B79EE46A275E98B900F300DE /* Frameworks */,
				B79EE46B275E98B900F300DE /* Resources */,
			);
			buildRules = (
			);
			dependencies = (
				B79EE46F275E98B900F300DE /* PBXTargetDependency */,
			);
			name = "Tests iOS";
			productName = "Tests iOS";
			productReference = B79EE46D275E98B900F300DE /* Tests iOS.xctest */;
			productType = "com.apple.product-type.bundle.ui-testing";
		};
		B79EE478275E98B900F300DE /* Tests macOS */ = {
			isa = PBXNativeTarget;
			buildConfigurationList = B79EE492275E98B900F300DE /* Build configuration list for PBXNativeTarget "Tests macOS" */;
			buildPhases = (
				B79EE475275E98B900F300DE /* Sources */,
				B79EE476275E98B900F300DE /* Frameworks */,
				B79EE477275E98B900F300DE /* Resources */,
			);
			buildRules = (
			);
			dependencies = (
				B79EE47B275E98B900F300DE /* PBXTargetDependency */,
			);
			name = "Tests macOS";
			productName = "Tests macOS";
			productReference = B79EE479275E98B900F300DE /* Tests macOS.xctest */;
			productType = "com.apple.product-type.bundle.ui-testing";
		};
/* End PBXNativeTarget section */

/* Begin PBXProject section */
		B79EE454275E98B800F300DE /* Project object */ = {
			isa = PBXProject;
			attributes = {
				BuildIndependentTargetsInParallel = 1;
				LastSwiftUpdateCheck = 1310;
				LastUpgradeCheck = 1310;
				TargetAttributes = {
					B79EE45F275E98B900F300DE = {
						CreatedOnToolsVersion = 13.1;
					};
					B79EE465275E98B900F300DE = {
						CreatedOnToolsVersion = 13.1;
					};
					B79EE46C275E98B900F300DE = {
						CreatedOnToolsVersion = 13.1;
						TestTargetID = B79EE45F275E98B900F300DE;
					};
					B79EE478275E98B900F300DE = {
						CreatedOnToolsVersion = 13.1;
						TestTargetID = B79EE465275E98B900F300DE;
					};
				};
			};
			buildConfigurationList = B79EE457275E98B800F300DE /* Build configuration list for PBXProject "Manpreet's Project" */;
			compatibilityVersion = "Xcode 13.0";
			developmentRegion = en;
			hasScannedForEncodings = 0;
			knownRegions = (
				en,
				Base,
			);
			mainGroup = B79EE453275E98B800F300DE;
			productRefGroup = B79EE461275E98B900F300DE /* Products */;
			projectDirPath = "";
			projectRoot = "";
			targets = (
				B79EE45F275E98B900F300DE /* Manpreet's Project (iOS) */,
				B79EE465275E98B900F300DE /* Manpreet's Project (macOS) */,
				B79EE46C275E98B900F300DE /* Tests iOS */,
				B79EE478275E98B900F300DE /* Tests macOS */,
			);
		};
/* End PBXProject section */

/* Begin PBXResourcesBuildPhase section */
		B79EE45E275E98B900F300DE /* Resources */ = {
			isa = PBXResourcesBuildPhase;
			buildActionMask = 2147483647;
			files = (
				B79EE485275E98B900F300DE /* Assets.xcassets in Resources */,
			);
			runOnlyForDeploymentPostprocessing = 0;
		};
		B79EE464275E98B900F300DE /* Resources */ = {
			isa = PBXResourcesBuildPhase;
			buildActionMask = 2147483647;
			files = (
				B79EE486275E98B900F300DE /* Assets.xcassets in Resources */,
			);
			runOnlyForDeploymentPostprocessing = 0;
		};
		B79EE46B275E98B900F300DE /* Resources */ = {
			isa = PBXResourcesBuildPhase;
			buildActionMask = 2147483647;
			files = (
			);
			runOnlyForDeploymentPostprocessing = 0;
		};
		B79EE477275E98B900F300DE /* Resources */ = {
			isa = PBXResourcesBuildPhase;
			buildActionMask = 2147483647;
			files = (
			);
			runOnlyForDeploymentPostprocessing = 0;
		};
/* End PBXResourcesBuildPhase section */

/* Begin PBXSourcesBuildPhase section */
		B79EE45C275E98B900F300DE /* Sources */ = {
			isa = PBXSourcesBuildPhase;
			buildActionMask = 2147483647;
			files = (
				B79EE483275E98B900F300DE /* ContentView.swift in Sources */,
				B79EE481275E98B900F300DE /* Manpreet_s_ProjectApp.swift in Sources */,
			);
			runOnlyForDeploymentPostprocessing = 0;
		};
		B79EE462275E98B900F300DE /* Sources */ = {
			isa = PBXSourcesBuildPhase;
			buildActionMask = 2147483647;
			files = (
				B79EE484275E98B900F300DE /* ContentView.swift in Sources */,
				B79EE482275E98B900F300DE /* Manpreet_s_ProjectApp.swift in Sources */,
			);
			runOnlyForDeploymentPostprocessing = 0;
		};
		B79EE469275E98B900F300DE /* Sources */ = {
			isa = PBXSourcesBuildPhase;
			buildActionMask = 2147483647;
			files = (
				B79EE474275E98B900F300DE /* Tests_iOSLaunchTests.swift in Sources */,
				B79EE472275E98B900F300DE /* Tests_iOS.swift in Sources */,
			);
			runOnlyForDeploymentPostprocessing = 0;
		};
		B79EE475275E98B900F300DE /* Sources */ = {
			isa = PBXSourcesBuildPhase;
			buildActionMask = 2147483647;
			files = (
				B79EE480275E98B900F300DE /* Tests_macOSLaunchTests.swift in Sources */,
				B79EE47E275E98B900F300DE /* Tests_macOS.swift in Sources */,
			);
			runOnlyForDeploymentPostprocessing = 0;
		};
/* End PBXSourcesBuildPhase section */

/* Begin PBXTargetDependency section */
		B79EE46F275E98B900F300DE /* PBXTargetDependency */ = {
			isa = PBXTargetDependency;
			target = B79EE45F275E98B900F300DE /* Manpreet's Project (iOS) */;
			targetProxy = B79EE46E275E98B900F300DE /* PBXContainerItemProxy */;
		};
		B79EE47B275E98B900F300DE /* PBXTargetDependency */ = {
			isa = PBXTargetDependency;
			target = B79EE465275E98B900F300DE /* Manpreet's Project (macOS) */;
			targetProxy = B79EE47A275E98B900F300DE /* PBXContainerItemProxy */;
		};
/* End PBXTargetDependency section */

/* Begin XCBuildConfiguration section */
		B79EE487275E98B900F300DE /* Debug */ = {
			isa = XCBuildConfiguration;
			buildSettings = {
				ALWAYS_SEARCH_USER_PATHS = NO;
				CLANG_ANALYZER_NONNULL = YES;
				CLANG_ANALYZER_NUMBER_OBJECT_CONVERSION = YES_AGGRESSIVE;
				CLANG_CXX_LANGUAGE_STANDARD = "gnu++17";
				CLANG_CXX_LIBRARY = "libc++";
				CLANG_ENABLE_MODULES = YES;
				CLANG_ENABLE_OBJC_ARC = YES;
				CLANG_ENABLE_OBJC_WEAK = YES;
				CLANG_WARN_BLOCK_CAPTURE_AUTORELEASING = YES;
				CLANG_WARN_BOOL_CONVERSION = YES;
				CLANG_WARN_COMMA = YES;
				CLANG_WARN_CONSTANT_CONVERSION = YES;
				CLANG_WARN_DEPRECATED_OBJC_IMPLEMENTATIONS = YES;
				CLANG_WARN_DIRECT_OBJC_ISA_USAGE = YES_ERROR;
				CLANG_WARN_DOCUMENTATION_COMMENTS = YES;
				CLANG_WARN_EMPTY_BODY = YES;
				CLANG_WARN_ENUM_CONVERSION = YES;
				CLANG_WARN_INFINITE_RECURSION = YES;
				CLANG_WARN_INT_CONVERSION = YES;
				CLANG_WARN_NON_LITERAL_NULL_CONVERSION = YES;
				CLANG_WARN_OBJC_IMPLICIT_RETAIN_SELF = YES;
				CLANG_WARN_OBJC_LITERAL_CONVERSION = YES;
				CLANG_WARN_OBJC_ROOT_CLASS = YES_ERROR;
				CLANG_WARN_QUOTED_INCLUDE_IN_FRAMEWORK_HEADER = YES;
				CLANG_WARN_RANGE_LOOP_ANALYSIS = YES;
				CLANG_WARN_STRICT_PROTOTYPES = YES;
				CLANG_WARN_SUSPICIOUS_MOVE = YES;
				CLANG_WARN_UNGUARDED_AVAILABILITY = YES_AGGRESSIVE;
				CLANG_WARN_UNREACHABLE_CODE = YES;
				CLANG_WARN__DUPLICATE_METHOD_MATCH = YES;
				COPY_PHASE_STRIP = NO;
				DEBUG_INFORMATION_FORMAT = dwarf;
				ENABLE_STRICT_OBJC_MSGSEND = YES;
				ENABLE_TESTABILITY = YES;
				GCC_C_LANGUAGE_STANDARD = gnu11;
				GCC_DYNAMIC_NO_PIC = NO;
				GCC_NO_COMMON_BLOCKS = YES;
				GCC_OPTIMIZATION_LEVEL = 0;
				GCC_PREPROCESSOR_DEFINITIONS = (
					"DEBUG=1",
					"$(inherited)",
				);
				GCC_WARN_64_TO_32_BIT_CONVERSION = YES;
				GCC_WARN_ABOUT_RETURN_TYPE = YES_ERROR;
				GCC_WARN_UNDECLARED_SELECTOR = YES;
				GCC_WARN_UNINITIALIZED_AUTOS = YES_AGGRESSIVE;
				GCC_WARN_UNUSED_FUNCTION = YES;
				GCC_WARN_UNUSED_VARIABLE = YES;
				MTL_ENABLE_DEBUG_INFO = INCLUDE_SOURCE;
				MTL_FAST_MATH = YES;
				ONLY_ACTIVE_ARCH = YES;
				SWIFT_ACTIVE_COMPILATION_CONDITIONS = DEBUG;
				SWIFT_OPTIMIZATION_LEVEL = "-Onone";
			};
			name = Debug;
		};
		B79EE488275E98B900F300DE /* Release */ = {
			isa = XCBuildConfiguration;
			buildSettings = {
				ALWAYS_SEARCH_USER_PATHS = NO;
				CLANG_ANALYZER_NONNULL = YES;
				CLANG_ANALYZER_NUMBER_OBJECT_CONVERSION = YES_AGGRESSIVE;
				CLANG_CXX_LANGUAGE_STANDARD = "gnu++17";
				CLANG_CXX_LIBRARY = "libc++";
				CLANG_ENABLE_MODULES = YES;
				CLANG_ENABLE_OBJC_ARC = YES;
				CLANG_ENABLE_OBJC_WEAK = YES;
				CLANG_WARN_BLOCK_CAPTURE_AUTORELEASING = YES;
				CLANG_WARN_BOOL_CONVERSION = YES;
				CLANG_WARN_COMMA = YES;
				CLANG_WARN_CONSTANT_CONVERSION = YES;
				CLANG_WARN_DEPRECATED_OBJC_IMPLEMENTATIONS = YES;
				CLANG_WARN_DIRECT_OBJC_ISA_USAGE = YES_ERROR;
				CLANG_WARN_DOCUMENTATION_COMMENTS = YES;
				CLANG_WARN_EMPTY_BODY = YES;
				CLANG_WARN_ENUM_CONVERSION = YES;
				CLANG_WARN_INFINITE_RECURSION = YES;
				CLANG_WARN_INT_CONVERSION = YES;
				CLANG_WARN_NON_LITERAL_NULL_CONVERSION = YES;
				CLANG_WARN_OBJC_IMPLICIT_RETAIN_SELF = YES;
				CLANG_WARN_OBJC_LITERAL_CONVERSION = YES;
				CLANG_WARN_OBJC_ROOT_CLASS = YES_ERROR;
				CLANG_WARN_QUOTED_INCLUDE_IN_FRAMEWORK_HEADER = YES;
				CLANG_WARN_RANGE_LOOP_ANALYSIS = YES;
				CLANG_WARN_STRICT_PROTOTYPES = YES;
				CLANG_WARN_SUSPICIOUS_MOVE = YES;
				CLANG_WARN_UNGUARDED_AVAILABILITY = YES_AGGRESSIVE;
				CLANG_WARN_UNREACHABLE_CODE = YES;
				CLANG_WARN__DUPLICATE_METHOD_MATCH = YES;
				COPY_PHASE_STRIP = NO;
				DEBUG_INFORMATION_FORMAT = "dwarf-with-dsym";
				ENABLE_NS_ASSERTIONS = NO;
				ENABLE_STRICT_OBJC_MSGSEND = YES;
				GCC_C_LANGUAGE_STANDARD = gnu11;
				GCC_NO_COMMON_BLOCKS = YES;
				GCC_WARN_64_TO_32_BIT_CONVERSION = YES;
				GCC_WARN_ABOUT_RETURN_TYPE = YES_ERROR;
				GCC_WARN_UNDECLARED_SELECTOR = YES;
				GCC_WARN_UNINITIALIZED_AUTOS = YES_AGGRESSIVE;
				GCC_WARN_UNUSED_FUNCTION = YES;
				GCC_WARN_UNUSED_VARIABLE = YES;
				MTL_ENABLE_DEBUG_INFO = NO;
				MTL_FAST_MATH = YES;
				SWIFT_COMPILATION_MODE = wholemodule;
				SWIFT_OPTIMIZATION_LEVEL = "-O";
			};
			name = Release;
		};
		B79EE48A275E98B900F300DE /* Debug */ = {
			isa = XCBuildConfiguration;
			buildSettings = {
				ASSETCATALOG_COMPILER_APPICON_NAME = AppIcon;
				ASSETCATALOG_COMPILER_GLOBAL_ACCENT_COLOR_NAME = AccentColor;
				CODE_SIGN_STYLE = Automatic;
				CURRENT_PROJECT_VERSION = 1;
				ENABLE_PREVIEWS = YES;
				GENERATE_INFOPLIST_FILE = YES;
				INFOPLIST_KEY_UIApplicationSceneManifest_Generation = YES;
				INFOPLIST_KEY_UIApplicationSupportsIndirectInputEvents = YES;
				INFOPLIST_KEY_UILaunchScreen_Generation = YES;
				INFOPLIST_KEY_UISupportedInterfaceOrientations_iPad = "UIInterfaceOrientationPortrait UIInterfaceOrientationPortraitUpsideDown UIInterfaceOrientationLandscapeLeft UIInterfaceOrientationLandscapeRight";
				INFOPLIST_KEY_UISupportedInterfaceOrientations_iPhone = "UIInterfaceOrientationPortrait UIInterfaceOrientationLandscapeLeft UIInterfaceOrientationLandscapeRight";
				IPHONEOS_DEPLOYMENT_TARGET = 15.0;
				LD_RUNPATH_SEARCH_PATHS = (
					"$(inherited)",
					"@executable_path/Frameworks",
				);
				MARKETING_VERSION = 1.0;
				PRODUCT_BUNDLE_IDENTIFIER = "MacBook.Manpreet-s-Project";
				PRODUCT_NAME = "Manpreet's Project";
				SDKROOT = iphoneos;
				SWIFT_EMIT_LOC_STRINGS = YES;
				SWIFT_VERSION = 5.0;
				TARGETED_DEVICE_FAMILY = "1,2";
			};
			name = Debug;
		};
		B79EE48B275E98B900F300DE /* Release */ = {
			isa = XCBuildConfiguration;
			buildSettings = {
				ASSETCATALOG_COMPILER_APPICON_NAME = AppIcon;
				ASSETCATALOG_COMPILER_GLOBAL_ACCENT_COLOR_NAME = AccentColor;
				CODE_SIGN_STYLE = Automatic;
				CURRENT_PROJECT_VERSION = 1;
				ENABLE_PREVIEWS = YES;
				GENERATE_INFOPLIST_FILE = YES;
				INFOPLIST_KEY_UIApplicationSceneManifest_Generation = YES;
				INFOPLIST_KEY_UIApplicationSupportsIndirectInputEvents = YES;
				INFOPLIST_KEY_UILaunchScreen_Generation = YES;
				INFOPLIST_KEY_UISupportedInterfaceOrientations_iPad = "UIInterfaceOrientationPortrait UIInterfaceOrientationPortraitUpsideDown UIInterfaceOrientationLandscapeLeft UIInterfaceOrientationLandscapeRight";
				INFOPLIST_KEY_UISupportedInterfaceOrientations_iPhone = "UIInterfaceOrientationPortrait UIInterfaceOrientationLandscapeLeft UIInterfaceOrientationLandscapeRight";
				IPHONEOS_DEPLOYMENT_TARGET = 15.0;
				LD_RUNPATH_SEARCH_PATHS = (
					"$(inherited)",
					"@executable_path/Frameworks",
				);
				MARKETING_VERSION = 1.0;
				PRODUCT_BUNDLE_IDENTIFIER = "MacBook.Manpreet-s-Project";
				PRODUCT_NAME = "Manpreet's Project";
				SDKROOT = iphoneos;
				SWIFT_EMIT_LOC_STRINGS = YES;
				SWIFT_VERSION = 5.0;
				TARGETED_DEVICE_FAMILY = "1,2";
				VALIDATE_PRODUCT = YES;
			};
			name = Release;
		};
		B79EE48D275E98B900F300DE /* Debug */ = {
			isa = XCBuildConfiguration;
			buildSettings = {
				ASSETCATALOG_COMPILER_APPICON_NAME = AppIcon;
				ASSETCATALOG_COMPILER_GLOBAL_ACCENT_COLOR_NAME = AccentColor;
				CODE_SIGN_ENTITLEMENTS = macOS/macOS.entitlements;
				CODE_SIGN_STYLE = Automatic;
				COMBINE_HIDPI_IMAGES = YES;
				CURRENT_PROJECT_VERSION = 1;
				ENABLE_PREVIEWS = YES;
				GENERATE_INFOPLIST_FILE = YES;
				INFOPLIST_KEY_NSHumanReadableCopyright = "";
				LD_RUNPATH_SEARCH_PATHS = (
					"$(inherited)",
					"@executable_path/../Frameworks",
				);
				MACOSX_DEPLOYMENT_TARGET = 12.0;
				MARKETING_VERSION = 1.0;
				PRODUCT_BUNDLE_IDENTIFIER = "MacBook.Manpreet-s-Project";
				PRODUCT_NAME = "Manpreet's Project";
				SDKROOT = macosx;
				SWIFT_EMIT_LOC_STRINGS = YES;
				SWIFT_VERSION = 5.0;
			};
			name = Debug;
		};
		B79EE48E275E98B900F300DE /* Release */ = {
			isa = XCBuildConfiguration;
			buildSettings = {
				ASSETCATALOG_COMPILER_APPICON_NAME = AppIcon;
				ASSETCATALOG_COMPILER_GLOBAL_ACCENT_COLOR_NAME = AccentColor;
				CODE_SIGN_ENTITLEMENTS = macOS/macOS.entitlements;
				CODE_SIGN_STYLE = Automatic;
				COMBINE_HIDPI_IMAGES = YES;
				CURRENT_PROJECT_VERSION = 1;
				ENABLE_PREVIEWS = YES;
				GENERATE_INFOPLIST_FILE = YES;
				INFOPLIST_KEY_NSHumanReadableCopyright = "";
				LD_RUNPATH_SEARCH_PATHS = (
					"$(inherited)",
					"@executable_path/../Frameworks",
				);
				MACOSX_DEPLOYMENT_TARGET = 12.0;
				MARKETING_VERSION = 1.0;
				PRODUCT_BUNDLE_IDENTIFIER = "MacBook.Manpreet-s-Project";
				PRODUCT_NAME = "Manpreet's Project";
				SDKROOT = macosx;
				SWIFT_EMIT_LOC_STRINGS = YES;
				SWIFT_VERSION = 5.0;
			};
			name = Release;
		};
		B79EE490275E98B900F300DE /* Debug */ = {
			isa = XCBuildConfiguration;
			buildSettings = {
				ALWAYS_EMBED_SWIFT_STANDARD_LIBRARIES = YES;
				CODE_SIGN_STYLE = Automatic;
				CURRENT_PROJECT_VERSION = 1;
				GENERATE_INFOPLIST_FILE = YES;
				IPHONEOS_DEPLOYMENT_TARGET = 15.0;
				LD_RUNPATH_SEARCH_PATHS = (
					"$(inherited)",
					"@executable_path/Frameworks",
					"@loader_path/Frameworks",
				);
				MARKETING_VERSION = 1.0;
				PRODUCT_BUNDLE_IDENTIFIER = "MacBook.Tests-iOS";
				PRODUCT_NAME = "$(TARGET_NAME)";
				SDKROOT = iphoneos;
				SWIFT_EMIT_LOC_STRINGS = NO;
				SWIFT_VERSION = 5.0;
				TARGETED_DEVICE_FAMILY = "1,2";
				TEST_TARGET_NAME = "Manpreet's Project (iOS)";
			};
			name = Debug;
		};
		B79EE491275E98B900F300DE /* Release */ = {
			isa = XCBuildConfiguration;
			buildSettings = {
				ALWAYS_EMBED_SWIFT_STANDARD_LIBRARIES = YES;
				CODE_SIGN_STYLE = Automatic;
				CURRENT_PROJECT_VERSION = 1;
				GENERATE_INFOPLIST_FILE = YES;
				IPHONEOS_DEPLOYMENT_TARGET = 15.0;
				LD_RUNPATH_SEARCH_PATHS = (
					"$(inherited)",
					"@executable_path/Frameworks",
					"@loader_path/Frameworks",
				);
				MARKETING_VERSION = 1.0;
				PRODUCT_BUNDLE_IDENTIFIER = "MacBook.Tests-iOS";
				PRODUCT_NAME = "$(TARGET_NAME)";
				SDKROOT = iphoneos;
				SWIFT_EMIT_LOC_STRINGS = NO;
				SWIFT_VERSION = 5.0;
				TARGETED_DEVICE_FAMILY = "1,2";
				TEST_TARGET_NAME = "Manpreet's Project (iOS)";
				VALIDATE_PRODUCT = YES;
			};
			name = Release;
		};
		B79EE493275E98B900F300DE /* Debug */ = {
			isa = XCBuildConfiguration;
			buildSettings = {
				ALWAYS_EMBED_SWIFT_STANDARD_LIBRARIES = YES;
				CODE_SIGN_STYLE = Automatic;
				COMBINE_HIDPI_IMAGES = YES;
				CURRENT_PROJECT_VERSION = 1;
				GENERATE_INFOPLIST_FILE = YES;
				LD_RUNPATH_SEARCH_PATHS = (
					"$(inherited)",
					"@executable_path/../Frameworks",
					"@loader_path/../Frameworks",
				);
				MACOSX_DEPLOYMENT_TARGET = 12.0;
				MARKETING_VERSION = 1.0;
				PRODUCT_BUNDLE_IDENTIFIER = "MacBook.Tests-macOS";
				PRODUCT_NAME = "$(TARGET_NAME)";
				SDKROOT = macosx;
				SWIFT_EMIT_LOC_STRINGS = NO;
				SWIFT_VERSION = 5.0;
				TEST_TARGET_NAME = "Manpreet's Project (macOS)";
			};
			name = Debug;
		};
		B79EE494275E98B900F300DE /* Release */ = {
			isa = XCBuildConfiguration;
			buildSettings = {
				ALWAYS_EMBED_SWIFT_STANDARD_LIBRARIES = YES;
				CODE_SIGN_STYLE = Automatic;
				COMBINE_HIDPI_IMAGES = YES;
				CURRENT_PROJECT_VERSION = 1;
				GENERATE_INFOPLIST_FILE = YES;
				LD_RUNPATH_SEARCH_PATHS = (
					"$(inherited)",
					"@executable_path/../Frameworks",
					"@loader_path/../Frameworks",
				);
				MACOSX_DEPLOYMENT_TARGET = 12.0;
				MARKETING_VERSION = 1.0;
				PRODUCT_BUNDLE_IDENTIFIER = "MacBook.Tests-macOS";
				PRODUCT_NAME = "$(TARGET_NAME)";
				SDKROOT = macosx;
				SWIFT_EMIT_LOC_STRINGS = NO;
				SWIFT_VERSION = 5.0;
				TEST_TARGET_NAME = "Manpreet's Project (macOS)";
			};
			name = Release;
		};
/* End XCBuildConfiguration section */

/* Begin XCConfigurationList section */
		B79EE457275E98B800F300DE /* Build configuration list for PBXProject "Manpreet's Project" */ = {
			isa = XCConfigurationList;
			buildConfigurations = (
				B79EE487275E98B900F300DE /* Debug */,
				B79EE488275E98B900F300DE /* Release */,
			);
			defaultConfigurationIsVisible = 0;
			defaultConfigurationName = Release;
		};
		B79EE489275E98B900F300DE /* Build configuration list for PBXNativeTarget "Manpreet's Project (iOS)" */ = {
			isa = XCConfigurationList;
			buildConfigurations = (
				B79EE48A275E98B900F300DE /* Debug */,
				B79EE48B275E98B900F300DE /* Release */,
			);
			defaultConfigurationIsVisible = 0;
			defaultConfigurationName = Release;
		};
		B79EE48C275E98B900F300DE /* Build configuration list for PBXNativeTarget "Manpreet's Project (macOS)" */ = {
			isa = XCConfigurationList;
			buildConfigurations = (
				B79EE48D275E98B900F300DE /* Debug */,
				B79EE48E275E98B900F300DE /* Release */,
			);
			defaultConfigurationIsVisible = 0;
			defaultConfigurationName = Release;
		};
		B79EE48F275E98B900F300DE /* Build configuration list for PBXNativeTarget "Tests iOS" */ = {
			isa = XCConfigurationList;
			buildConfigurations = (
				B79EE490275E98B900F300DE /* Debug */,
				B79EE491275E98B900F300DE /* Release */,
			);
			defaultConfigurationIsVisible = 0;
			defaultConfigurationName = Release;
		};
		B79EE492275E98B900F300DE /* Build configuration list for PBXNativeTarget "Tests macOS" */ = {
			isa = XCConfigurationList;
			buildConfigurations = (
				B79EE493275E98B900F300DE /* Debug */,
				B79EE494275E98B900F300DE /* Release */,
			);
			defaultConfigurationIsVisible = 0;
			defaultConfigurationName = Release;
		};
/* End XCConfigurationList section */
	};
	rootObject = B79EE454275E98B800F300DE /* Project object */;
}
